{
  "name": "frameplayer-conf",
  "version": "0.0.0-dev",
  "lockfileVersion": 1,
  "requires": true,
  "dependencies": {
    "frameplayer": {
      "version": "file:../frameplayer",
      "requires": {
        "chalk": "^2.4.2",
        "commander": "^2.20.0",
        "fluent-ffmpeg": "^2.1.2",
        "get-pixels": "^3.3.2",
        "progress": "^2.0.3",
        "protobufjs": "~6.8.8",
        "runtypes": "^3.2.0",
        "strict-event-emitter-types": "^2.0.0",
        "tmp": "^0.1.0"
      }
    },
    "typescript": {
      "version": "3.4.5",
      "resolved": "https://registry.npmjs.org/typescript/-/typescript-3.4.5.tgz",
      "integrity": "sha512-YycBxUb49UUhdNMU5aJ7z5Ej2XGmaIBL0x34vZ82fn3hGvD+bgrMrVDpatgz2f7YxUMJxMkbWxJZeAvDxVe7Vw=="
    }
  }
}
